
Microsoft Visual Studio Solution File, Format Version 12.00
# Visual Studio Version 17
VisualStudioVersion = 17.2.32616.157
MinimumVisualStudioVersion = 10.0.40219.1
Project("{FAE04EC0-301F-11D3-BF4B-00C04F79EFBC}") = "MongoDBExample", "MongoDBExample\MongoDBExample.csproj", "{0D3F5337-C8C4-47DA-B907-EB6269CD3A27}"
EndProject
Global
	GlobalSection(SolutionConfigurationPlatforms) = preSolution
		Debug|Any CPU = Debug|Any CPU
		Release|Any CPU = Release|Any CPU
	EndGlobalSection
	GlobalSection(ProjectConfigurationPlatforms) = postSolution
		{0D3F5337-C8C4-47DA-B907-EB6269CD3A27}.Debug|Any CPU.ActiveCfg = Debug|Any CPU
		{0D3F5337-C8C4-47DA-B907-EB6269CD3A27}.Debug|Any CPU.Build.0 = Debug|Any CPU
		{0D3F5337-C8C4-47DA-B907-EB6269CD3A27}.Release|Any CPU.ActiveCfg = Release|Any CPU
		{0D3F5337-C8C4-47DA-B907-EB6269CD3A27}.Release|Any CPU.Build.0 = Release|Any CPU
	EndGlobalSection
	GlobalSection(SolutionProperties) = preSolution
		HideSolutionNode = FALSE
	EndGlobalSection
	GlobalSection(ExtensibilityGlobals) = postSolution
		SolutionGuid = {36EA3352-1B73-47AF-BB67-018F78E8EB12}
	EndGlobalSection
EndGlobal
